
Microsoft Visual Studio Solution File, Format Version 11.00
# Visual Studio 2010
# SharpDevelop 4.0.0.6842
Project("{FAE04EC0-301F-11D3-BF4B-00C04F79EFBC}") = "HeatExchanger", "HeatExchanger\HeatExchanger.csproj", "{1771D3A2-78B5-4DC3-9F19-A738A1A3A930}"
EndProject
Global
	GlobalSection(SolutionConfigurationPlatforms) = preSolution
		Debug|x86 = Debug|x86
		Release|x86 = Release|x86
	EndGlobalSection
	GlobalSection(ProjectConfigurationPlatforms) = postSolution
		{1771D3A2-78B5-4DC3-9F19-A738A1A3A930}.Debug|x86.Build.0 = Debug|x86
		{1771D3A2-78B5-4DC3-9F19-A738A1A3A930}.Debug|x86.ActiveCfg = Debug|x86
		{1771D3A2-78B5-4DC3-9F19-A738A1A3A930}.Release|x86.Build.0 = Release|x86
		{1771D3A2-78B5-4DC3-9F19-A738A1A3A930}.Release|x86.ActiveCfg = Release|x86
	EndGlobalSection
EndGlobal
